
Microsoft Visual Studio Solution File, Format Version 12.00
# Visual Studio Version 17
VisualStudioVersion = 17.1.32228.430
MinimumVisualStudioVersion = 10.0.40219.1
Project("{FAE04EC0-301F-11D3-BF4B-00C04F79EFBC}") = "RacingCar_성지은_10108", "RacingCar_성지은_10108\RacingCar_성지은_10108.csproj", "{2DB086FE-6751-4769-BA5F-2DA48AE5D110}"
EndProject
Global
	GlobalSection(SolutionConfigurationPlatforms) = preSolution
		Debug|Any CPU = Debug|Any CPU
		Release|Any CPU = Release|Any CPU
	EndGlobalSection
	GlobalSection(ProjectConfigurationPlatforms) = postSolution
		{2DB086FE-6751-4769-BA5F-2DA48AE5D110}.Debug|Any CPU.ActiveCfg = Debug|Any CPU
		{2DB086FE-6751-4769-BA5F-2DA48AE5D110}.Debug|Any CPU.Build.0 = Debug|Any CPU
		{2DB086FE-6751-4769-BA5F-2DA48AE5D110}.Release|Any CPU.ActiveCfg = Release|Any CPU
		{2DB086FE-6751-4769-BA5F-2DA48AE5D110}.Release|Any CPU.Build.0 = Release|Any CPU
	EndGlobalSection
	GlobalSection(SolutionProperties) = preSolution
		HideSolutionNode = FALSE
	EndGlobalSection
	GlobalSection(ExtensibilityGlobals) = postSolution
		SolutionGuid = {8E5A4CB8-3DF2-41D5-B724-B46A89D5DBD0}
	EndGlobalSection
EndGlobal
